Microsoft Visual Studio Solution File, Format Version 12.00
# Visual Studio Version 17
VisualStudioVersion = 17.5.2.0
MinimumVisualStudioVersion = 10.0.40219.1
Project("{FAE04EC0-301F-11D3-BF4B-00C04F79EFBC}") = "CSharpCalculator", "CSharpCalculator.csproj", "{B1B0C2BF-E630-32E0-64DF-193B5621EE1B}"
EndProject
Global
	GlobalSection(SolutionConfigurationPlatforms) = preSolution
		Debug|Any CPU = Debug|Any CPU
		Release|Any CPU = Release|Any CPU
	EndGlobalSection
	GlobalSection(ProjectConfigurationPlatforms) = postSolution
		{B1B0C2BF-E630-32E0-64DF-193B5621EE1B}.Debug|Any CPU.ActiveCfg = Debug|Any CPU
		{B1B0C2BF-E630-32E0-64DF-193B5621EE1B}.Debug|Any CPU.Build.0 = Debug|Any CPU
		{B1B0C2BF-E630-32E0-64DF-193B5621EE1B}.Release|Any CPU.ActiveCfg = Release|Any CPU
		{B1B0C2BF-E630-32E0-64DF-193B5621EE1B}.Release|Any CPU.Build.0 = Release|Any CPU
	EndGlobalSection
	GlobalSection(SolutionProperties) = preSolution
		HideSolutionNode = FALSE
	EndGlobalSection
	GlobalSection(ExtensibilityGlobals) = postSolution
		SolutionGuid = {70868D16-6588-48AC-9D75-B97CB8D3B394}
	EndGlobalSection
EndGlobal
